dependencies:
- name: postgresql
  repository: https://charts.bitnami.com/bitnami
  version: 10.3.13
- name: common
  repository: https://charts.bitnami.com/bitnami
  version: 1.4.2
digest: sha256:5d18b54dbb7b1202ed83bb1657997ce566af1cf1b375d72a17208fec2f456f97
generated: "2021-03-25T16:19:59.918462983-03:00"
